DEPENDENCIES
  tomberi
    path: .
    metadata: true
  tomberi_test
    path: test/cookbooks/tomberi_test

GRAPH
  build-essential (8.0.4)
    mingw (>= 1.1)
    seven_zip (>= 0.0.0)
  compat_resource (12.19.0)
  mingw (2.0.1)
    seven_zip (>= 0.0.0)
  nginx (7.0.2)
    build-essential (>= 0.0.0)
    compat_resource (>= 12.16.3)
    ohai (>= 4.1.0)
    yum-epel (>= 0.0.0)
    zypper (>= 0.0.0)
  ntp (3.5.4)
  ohai (5.2.0)
  seven_zip (2.0.2)
    windows (>= 1.2.2)
  tomberi (0.2.0)
    nginx (~> 7.0)
    ntp (~> 3.5)
  tomberi_test (0.0.0)
    tomberi (>= 0.0.0)
  windows (3.4.3)
    ohai (>= 4.0.0)
  yum-epel (2.1.2)
    compat_resource (>= 12.16.3)
  zypper (0.4.0)
