DEPENDENCIES
  tomberi
    path: site-cookbooks/tomberi

GRAPH
  apt (2.9.2)
  bluepill (2.4.1)
    rsyslog (~> 2.0)
  build-essential (2.2.4)
  chef_handler (1.2.0)
  nginx (2.7.6)
    apt (~> 2.2)
    bluepill (~> 2.3)
    build-essential (~> 2.0)
    ohai (~> 2.0)
    runit (~> 1.2)
    yum-epel (~> 0.3)
  ntp (1.10.1)
    windows (>= 0.0.0)
  ohai (2.1.0)
  packagecloud (0.1.1)
  rsyslog (2.2.0)
  runit (1.7.6)
    packagecloud (>= 0.0.0)
  tomberi (0.1.0)
    nginx (~> 2.7)
    ntp (~> 1.10)
  windows (1.39.1)
    chef_handler (>= 0.0.0)
  yum (3.10.0)
  yum-epel (0.6.5)
    yum (~> 3.2)
