SITE
  remote: http://supermarket.chef.io/api/v1
  specs:
    chef_handler (1.2.0)
    ntp (1.9.1)
      windows (>= 0.0.0)
    windows (1.39.1)
      chef_handler (>= 0.0.0)

GIT
  remote: https://github.com/schubergphilis/letsencrypt
  ref: master
  sha: 43a7a50eadc4c4404c0be32d40ccbf4212ed4676
  specs:
    letsencrypt (0.1.2)

DEPENDENCIES
  letsencrypt (>= 0)
  ntp (>= 0)

